<?xml version="1.0"?>
<CONFIG>
  <ProjectOptions>
    <Version Value="9"/>
    <PathDelim Value="\"/>
    <General>
      <MainUnit Value="0"/>
      <ResourceType Value="res"/>
      <UseXPManifest Value="True"/>
      <Icon Value="0"/>
      <ActiveWindowIndexAtStart Value="0"/>
    </General>
    <i18n>
      <EnableI18N LFM="False"/>
    </i18n>
    <VersionInfo>
      <StringTable ProductVersion=""/>
    </VersionInfo>
    <BuildModes Count="1" Active="Default">
      <Item1 Name="Default" Default="True"/>
    </BuildModes>
    <PublishOptions>
      <Version Value="2"/>
      <IncludeFileFilter Value="*.(pas|pp|inc|lfm|lpr|lrs|lpi|lpk|sh|xml)"/>
      <ExcludeFileFilter Value="*.(bak|ppu|o|so);*~;backup"/>
    </PublishOptions>
    <RunParams>
      <local>
        <FormatVersion Value="1"/>
      </local>
    </RunParams>
    <RequiredPackages Count="3">
      <Item1>
        <PackageName Value="bgracontrols"/>
      </Item1>
      <Item2>
        <PackageName Value="PureCode"/>
        <MinVersion Valid="True"/>
      </Item2>
      <Item3>
        <PackageName Value="LCL"/>
      </Item3>
    </RequiredPackages>
    <Units Count="38">
      <Unit0>
        <Filename Value="test.lpr"/>
        <IsPartOfProject Value="True"/>
        <UnitName Value="test"/>
        <UsageCount Value="89"/>
      </Unit0>
      <Unit1>
        <Filename Value="main_test.pas"/>
        <IsPartOfProject Value="True"/>
        <ComponentName Value="PreviewForm"/>
        <HasResources Value="True"/>
        <ResourceBaseClass Value="Form"/>
        <UnitName Value="main_test"/>
        <IsVisibleTab Value="True"/>
        <EditorIndex Value="0"/>
        <WindowIndex Value="0"/>
        <TopLine Value="172"/>
        <CursorPos X="8" Y="224"/>
        <UsageCount Value="89"/>
        <Loaded Value="True"/>
        <LoadedDesigner Value="True"/>
      </Unit1>
      <Unit2>
        <Filename Value="unit1.pas"/>
        <ComponentName Value="Form2"/>
        <ResourceBaseClass Value="Form"/>
        <UnitName Value="Unit1"/>
        <WindowIndex Value="0"/>
        <TopLine Value="1"/>
        <CursorPos X="20" Y="3"/>
        <UsageCount Value="18"/>
      </Unit2>
      <Unit3>
        <Filename Value="ruler.pas"/>
        <UnitName Value="Ruler"/>
        <WindowIndex Value="0"/>
        <TopLine Value="1"/>
        <CursorPos X="16" Y="8"/>
        <ExtraEditorCount Value="1"/>
        <ExtraEditor1>
          <WindowIndex Value="0"/>
          <TopLine Value="136"/>
          <CursorPos X="46" Y="161"/>
        </ExtraEditor1>
        <UsageCount Value="33"/>
      </Unit3>
      <Unit4>
        <Filename Value="C:\lazarus\lcl\extctrls.pp"/>
        <UnitName Value="ExtCtrls"/>
        <WindowIndex Value="0"/>
        <TopLine Value="1"/>
        <CursorPos X="1" Y="989"/>
        <UsageCount Value="17"/>
      </Unit4>
      <Unit5>
        <Filename Value="C:\lazarus\lcl\include\bevel.inc"/>
        <WindowIndex Value="0"/>
        <TopLine Value="78"/>
        <CursorPos X="42" Y="47"/>
        <UsageCount Value="22"/>
      </Unit5>
      <Unit6>
        <Filename Value="C:\lazarus\lcl\widgetset\wsextctrls.pp"/>
        <UnitName Value="WSExtCtrls"/>
        <WindowIndex Value="0"/>
        <TopLine Value="415"/>
        <CursorPos X="8" Y="431"/>
        <UsageCount Value="9"/>
      </Unit6>
      <Unit7>
        <Filename Value="C:\lazarus\lcl\widgetset\wsstdctrls.pp"/>
        <UnitName Value="WSStdCtrls"/>
        <WindowIndex Value="0"/>
        <TopLine Value="1"/>
        <CursorPos X="1" Y="1"/>
        <UsageCount Value="8"/>
      </Unit7>
      <Unit8>
        <Filename Value="C:\lazarus\lcl\widgetset\wsfactory.pas"/>
        <UnitName Value="WSFactory"/>
        <WindowIndex Value="0"/>
        <TopLine Value="1"/>
        <CursorPos X="117" Y="69"/>
        <UsageCount Value="9"/>
      </Unit8>
      <Unit9>
        <Filename Value="C:\lazarus\fpc\2.4.4\source\rtl\objpas\types.pp"/>
        <UnitName Value="types"/>
        <WindowIndex Value="0"/>
        <TopLine Value="1"/>
        <CursorPos X="3" Y="98"/>
        <UsageCount Value="8"/>
      </Unit9>
      <Unit10>
        <Filename Value="C:\lazarus\lcl\controls.pp"/>
        <UnitName Value="Controls"/>
        <WindowIndex Value="0"/>
        <TopLine Value="2105"/>
        <CursorPos X="15" Y="2120"/>
        <UsageCount Value="9"/>
      </Unit10>
      <Unit11>
        <Filename Value="C:\lazarus\lcl\lclclasses.pp"/>
        <UnitName Value="LCLClasses"/>
        <WindowIndex Value="0"/>
        <TopLine Value="16"/>
        <CursorPos X="28" Y="38"/>
        <UsageCount Value="8"/>
      </Unit11>
      <Unit12>
        <Filename Value="C:\lazarus\fpc\2.4.4\source\rtl\objpas\classes\classesh.inc"/>
        <WindowIndex Value="0"/>
        <TopLine Value="1639"/>
        <CursorPos X="36" Y="1665"/>
        <UsageCount Value="8"/>
      </Unit12>
      <Unit13>
        <Filename Value="ruler_icon.lrs"/>
        <WindowIndex Value="0"/>
        <TopLine Value="1"/>
        <CursorPos X="24" Y="6"/>
        <UsageCount Value="9"/>
      </Unit13>
      <Unit14>
        <Filename Value="C:\lazarus\lcl\graphics.pp"/>
        <UnitName Value="Graphics"/>
        <WindowIndex Value="0"/>
        <TopLine Value="1107"/>
        <CursorPos X="15" Y="1131"/>
        <UsageCount Value="18"/>
      </Unit14>
      <Unit15>
        <Filename Value="C:\lazarus\components\lazreport\source\lr_view.pas"/>
        <ComponentName Value="frPreviewForm"/>
        <HasResources Value="True"/>
        <ResourceBaseClass Value="Form"/>
        <UnitName Value="LR_View"/>
        <WindowIndex Value="0"/>
        <TopLine Value="325"/>
        <CursorPos X="119" Y="347"/>
        <UsageCount Value="8"/>
      </Unit15>
      <Unit16>
        <Filename Value="C:\lazarus\lcl\lmessages.pp"/>
        <UnitName Value="LMessages"/>
        <WindowIndex Value="0"/>
        <TopLine Value="387"/>
        <CursorPos X="3" Y="409"/>
        <UsageCount Value="10"/>
      </Unit16>
      <Unit17>
        <Filename Value="C:\lazarus\lcl\include\paintbox.inc"/>
        <WindowIndex Value="0"/>
        <TopLine Value="6"/>
        <CursorPos X="13" Y="30"/>
        <UsageCount Value="9"/>
      </Unit17>
      <Unit18>
        <Filename Value="purecode.pas"/>
        <UnitName Value="PureCode"/>
        <WindowIndex Value="0"/>
        <TopLine Value="1"/>
        <CursorPos X="34" Y="8"/>
        <UsageCount Value="9"/>
      </Unit18>
      <Unit19>
        <Filename Value="C:\lazarus\lcl\lresources.pp"/>
        <UnitName Value="LResources"/>
        <WindowIndex Value="0"/>
        <TopLine Value="56"/>
        <CursorPos X="3" Y="63"/>
        <UsageCount Value="9"/>
      </Unit19>
      <Unit20>
        <Filename Value="C:\lazarus\components\zeos\src\component\ZComponentReg.pas"/>
        <UnitName Value="ZComponentReg"/>
        <WindowIndex Value="0"/>
        <TopLine Value="141"/>
        <CursorPos X="19" Y="180"/>
        <UsageCount Value="9"/>
        <DefaultSyntaxHighlighter Value="Delphi"/>
      </Unit20>
      <Unit21>
        <Filename Value="C:\lazarus\components\zeos\src\component\ZComponentReg.lrs"/>
        <WindowIndex Value="0"/>
        <TopLine Value="1"/>
        <CursorPos X="1" Y="1"/>
        <UsageCount Value="9"/>
        <DefaultSyntaxHighlighter Value="Delphi"/>
      </Unit21>
      <Unit22>
        <Filename Value="C:\lazarus\lcl\stdctrls.pp"/>
        <UnitName Value="StdCtrls"/>
        <WindowIndex Value="0"/>
        <TopLine Value="27"/>
        <CursorPos X="3" Y="49"/>
        <UsageCount Value="10"/>
      </Unit22>
      <Unit23>
        <Filename Value="C:\lazarus\fpc\2.6.0\source\packages\cairo\src\cairo.pp"/>
        <UnitName Value="Cairo"/>
        <WindowIndex Value="0"/>
        <TopLine Value="347"/>
        <CursorPos X="21" Y="361"/>
        <UsageCount Value="9"/>
      </Unit23>
      <Unit24>
        <Filename Value="C:\lazarus\fpc\2.6.0\source\packages\cairo\src\cairowin32.pp"/>
        <UnitName Value="CairoWin32"/>
        <WindowIndex Value="0"/>
        <TopLine Value="1"/>
        <CursorPos X="1" Y="1"/>
        <UsageCount Value="9"/>
      </Unit24>
      <Unit25>
        <Filename Value="C:\lazarus\fpc\2.6.0\source\packages\cairo\src\cairoxlib.pp"/>
        <UnitName Value="CairoXlib"/>
        <WindowIndex Value="0"/>
        <TopLine Value="1"/>
        <CursorPos X="80" Y="29"/>
        <UsageCount Value="9"/>
      </Unit25>
      <Unit26>
        <Filename Value="C:\lazarus\fpc\2.6.0\source\packages\cairo\src\cairoft.pp"/>
        <UnitName Value="CairoFT"/>
        <WindowIndex Value="0"/>
        <TopLine Value="14"/>
        <CursorPos X="1" Y="1"/>
        <UsageCount Value="9"/>
      </Unit26>
      <Unit27>
        <Filename Value="C:\lazarus\fpc\2.6.0\source\rtl\objpas\classes\classesh.inc"/>
        <WindowIndex Value="0"/>
        <TopLine Value="86"/>
        <CursorPos X="47" Y="99"/>
        <UsageCount Value="14"/>
      </Unit27>
      <Unit28>
        <Filename Value="C:\lazarus\components\bgracontrols\bgravirtualscreen.pas"/>
        <UnitName Value="BGRAVirtualScreen"/>
        <WindowIndex Value="0"/>
        <TopLine Value="91"/>
        <CursorPos X="29" Y="111"/>
        <UsageCount Value="14"/>
      </Unit28>
      <Unit29>
        <Filename Value="C:\lazarus\components\bgrabitmap\bgrabitmap.pas"/>
        <UnitName Value="BGRABitmap"/>
        <WindowIndex Value="0"/>
        <TopLine Value="54"/>
        <CursorPos X="3" Y="69"/>
        <UsageCount Value="14"/>
      </Unit29>
      <Unit30>
        <Filename Value="C:\lazarus\components\bgrabitmap\bgracanvas.pas"/>
        <UnitName Value="BGRACanvas"/>
        <WindowIndex Value="0"/>
        <TopLine Value="122"/>
        <CursorPos X="28" Y="157"/>
        <UsageCount Value="14"/>
      </Unit30>
      <Unit31>
        <Filename Value="C:\lazarus\components\bgrabitmap\bgradefaultbitmap.pas"/>
        <UnitName Value="BGRADefaultBitmap"/>
        <WindowIndex Value="0"/>
        <TopLine Value="440"/>
        <CursorPos X="14" Y="450"/>
        <UsageCount Value="14"/>
      </Unit31>
      <Unit32>
        <Filename Value="C:\lazarus\components\bgracontrols\bcgamegrid.pas"/>
        <UnitName Value="BCGameGrid"/>
        <WindowIndex Value="0"/>
        <TopLine Value="138"/>
        <CursorPos X="1" Y="1"/>
        <UsageCount Value="14"/>
      </Unit32>
      <Unit33>
        <Filename Value="C:\lazarus\components\bgracontrols-2.1.0.1-alpha\bgraview.pas"/>
        <UnitName Value="BGRAView"/>
        <EditorIndex Value="1"/>
        <WindowIndex Value="0"/>
        <TopLine Value="173"/>
        <CursorPos X="35" Y="144"/>
        <UsageCount Value="12"/>
        <Loaded Value="True"/>
      </Unit33>
      <Unit34>
        <Filename Value="C:\lazarus\components\bgracontrols-2.1.0.1-alpha\bgravirtualscreen.pas"/>
        <UnitName Value="BGRAVirtualScreen"/>
        <WindowIndex Value="0"/>
        <TopLine Value="247"/>
        <CursorPos X="5" Y="261"/>
        <UsageCount Value="10"/>
      </Unit34>
      <Unit35>
        <Filename Value="..\lazmupdf\test\main.pas"/>
        <UnitName Value="main"/>
        <WindowIndex Value="0"/>
        <TopLine Value="102"/>
        <CursorPos X="12" Y="105"/>
        <UsageCount Value="10"/>
      </Unit35>
      <Unit36>
        <Filename Value="..\lazmupdf\libmupdf.pas"/>
        <UnitName Value="libmupdf"/>
        <UsageCount Value="20"/>
      </Unit36>
      <Unit37>
        <Filename Value="..\libmupdf.pas"/>
        <IsPartOfProject Value="True"/>
        <UnitName Value="libmupdf"/>
        <EditorIndex Value="2"/>
        <WindowIndex Value="0"/>
        <TopLine Value="202"/>
        <CursorPos X="16" Y="449"/>
        <UsageCount Value="22"/>
        <Loaded Value="True"/>
      </Unit37>
    </Units>
    <JumpHistory Count="30" HistoryIndex="29">
      <Position1>
        <Filename Value="main_test.pas"/>
        <Caret Line="129" Column="29" TopLine="117"/>
      </Position1>
      <Position2>
        <Filename Value="main_test.pas"/>
        <Caret Line="19" Column="20" TopLine="3"/>
      </Position2>
      <Position3>
        <Filename Value="main_test.pas"/>
        <Caret Line="130" Column="28" TopLine="110"/>
      </Position3>
      <Position4>
        <Filename Value="main_test.pas"/>
        <Caret Line="100" Column="35" TopLine="58"/>
      </Position4>
      <Position5>
        <Filename Value="main_test.pas"/>
        <Caret Line="89" Column="79" TopLine="61"/>
      </Position5>
      <Position6>
        <Filename Value="main_test.pas"/>
        <Caret Line="91" Column="34" TopLine="64"/>
      </Position6>
      <Position7>
        <Filename Value="main_test.pas"/>
        <Caret Line="100" Column="25" TopLine="72"/>
      </Position7>
      <Position8>
        <Filename Value="main_test.pas"/>
        <Caret Line="116" Column="44" TopLine="88"/>
      </Position8>
      <Position9>
        <Filename Value="main_test.pas"/>
        <Caret Line="117" Column="27" TopLine="89"/>
      </Position9>
      <Position10>
        <Filename Value="main_test.pas"/>
        <Caret Line="128" Column="48" TopLine="100"/>
      </Position10>
      <Position11>
        <Filename Value="main_test.pas"/>
        <Caret Line="130" Column="59" TopLine="102"/>
      </Position11>
      <Position12>
        <Filename Value="main_test.pas"/>
        <Caret Line="116" Column="46" TopLine="112"/>
      </Position12>
      <Position13>
        <Filename Value="main_test.pas"/>
        <Caret Line="153" Column="47" TopLine="125"/>
      </Position13>
      <Position14>
        <Filename Value="main_test.pas"/>
        <Caret Line="124" Column="2" TopLine="104"/>
      </Position14>
      <Position15>
        <Filename Value="main_test.pas"/>
        <Caret Line="126" Column="26" TopLine="98"/>
      </Position15>
      <Position16>
        <Filename Value="main_test.pas"/>
        <Caret Line="128" Column="30" TopLine="99"/>
      </Position16>
      <Position17>
        <Filename Value="main_test.pas"/>
        <Caret Line="131" Column="64" TopLine="103"/>
      </Position17>
      <Position18>
        <Filename Value="main_test.pas"/>
        <Caret Line="122" Column="57" TopLine="5"/>
      </Position18>
      <Position19>
        <Filename Value="main_test.pas"/>
        <Caret Line="127" Column="25" TopLine="109"/>
      </Position19>
      <Position20>
        <Filename Value="main_test.pas"/>
        <Caret Line="128" Column="25" TopLine="110"/>
      </Position20>
      <Position21>
        <Filename Value="main_test.pas"/>
        <Caret Line="129" Column="25" TopLine="111"/>
      </Position21>
      <Position22>
        <Filename Value="main_test.pas"/>
        <Caret Line="131" Column="25" TopLine="113"/>
      </Position22>
      <Position23>
        <Filename Value="main_test.pas"/>
        <Caret Line="170" Column="21" TopLine="164"/>
      </Position23>
      <Position24>
        <Filename Value="main_test.pas"/>
        <Caret Line="137" Column="27" TopLine="115"/>
      </Position24>
      <Position25>
        <Filename Value="main_test.pas"/>
        <Caret Line="120" Column="31" TopLine="111"/>
      </Position25>
      <Position26>
        <Filename Value="main_test.pas"/>
        <Caret Line="224" Column="53" TopLine="172"/>
      </Position26>
      <Position27>
        <Filename Value="main_test.pas"/>
        <Caret Line="185" Column="53" TopLine="158"/>
      </Position27>
      <Position28>
        <Filename Value="main_test.pas"/>
        <Caret Line="224" Column="8" TopLine="172"/>
      </Position28>
      <Position29>
        <Filename Value="main_test.pas"/>
        <Caret Line="225" Column="8" TopLine="173"/>
      </Position29>
      <Position30>
        <Filename Value="main_test.pas"/>
        <Caret Line="224" Column="8" TopLine="172"/>
      </Position30>
    </JumpHistory>
  </ProjectOptions>
  <CompilerOptions>
    <Version Value="11"/>
    <PathDelim Value="\"/>
    <SearchPaths>
      <IncludeFiles Value="$(ProjOutDir)"/>
      <OtherUnitFiles Value=".."/>
    </SearchPaths>
    <CodeGeneration>
      <SmartLinkUnit Value="True"/>
      <Optimizations>
        <VariablesInRegisters Value="True"/>
        <OptimizationLevel Value="3"/>
      </Optimizations>
    </CodeGeneration>
    <Linking>
      <Debugging>
        <GenerateDebugInfo Value="False"/>
        <UseLineInfoUnit Value="False"/>
        <StripSymbols Value="True"/>
      </Debugging>
      <LinkSmart Value="True"/>
      <Options>
        <Win32>
          <GraphicApplication Value="True"/>
        </Win32>
      </Options>
    </Linking>
    <Other>
      <CompilerMessages>
        <UseMsgFile Value="True"/>
      </CompilerMessages>
      <CustomOptions Value="-dWindowsUnicodeSupport"/>
      <CompilerPath Value="$(CompPath)"/>
    </Other>
  </CompilerOptions>
  <Debugging>
    <Exceptions Count="3">
      <Item1>
        <Name Value="EAbort"/>
      </Item1>
      <Item2>
        <Name Value="ECodetoolError"/>
      </Item2>
      <Item3>
        <Name Value="EFOpenError"/>
      </Item3>
    </Exceptions>
  </Debugging>
</CONFIG>
